// !$*UTF8*$!
{
	archiveVersion = 1;
	classes = {
	};
	objectVersion = 56;
	objects = {

/* Begin PBXBuildFile section */
		F33127E4293F5A2000015D25 /* MainView.swift in Sources */ = {isa = PBXBuildFile; fileRef = F33127E3293F5A2000015D25 /* MainView.swift */; };
		F33127E6293F614E00015D25 /* Extensions.swift in Sources */ = {isa = PBXBuildFile; fileRef = F33127E5293F614E00015D25 /* Extensions.swift */; };
		F33127E9293F69A200015D25 /* BottomSheet in Frameworks */ = {isa = PBXBuildFile; productRef = F33127E8293F69A200015D25 /* BottomSheet */; };
		F33127EB293F6BBA00015D25 /* Model.swift in Sources */ = {isa = PBXBuildFile; fileRef = F33127EA293F6BBA00015D25 /* Model.swift */; };
		F33127EE293F6E6F00015D25 /* ForcastView.swift in Sources */ = {isa = PBXBuildFile; fileRef = F33127ED293F6E6F00015D25 /* ForcastView.swift */; };
		F33127F0293F743300015D25 /* TabBar.swift in Sources */ = {isa = PBXBuildFile; fileRef = F33127EF293F743300015D25 /* TabBar.swift */; };
		F33FEF86293CDB8F00312502 /* Weather_TogetherApp.swift in Sources */ = {isa = PBXBuildFile; fileRef = F33FEF85293CDB8F00312502 /* Weather_TogetherApp.swift */; };
		F33FEF88293CDB8F00312502 /* WeatherView.swift in Sources */ = {isa = PBXBuildFile; fileRef = F33FEF87293CDB8F00312502 /* WeatherView.swift */; };
		F33FEF8A293CDB8F00312502 /* Assets.xcassets in Resources */ = {isa = PBXBuildFile; fileRef = F33FEF89293CDB8F00312502 /* Assets.xcassets */; };
		F33FEF8D293CDB8F00312502 /* Preview Assets.xcassets in Resources */ = {isa = PBXBuildFile; fileRef = F33FEF8C293CDB8F00312502 /* Preview Assets.xcassets */; };
/* End PBXBuildFile section */

/* Begin PBXFileReference section */
		F33127E3293F5A2000015D25 /* MainView.swift */ = {isa = PBXFileReference; lastKnownFileType = sourcecode.swift; path = MainView.swift; sourceTree = "<group>"; };
		F33127E5293F614E00015D25 /* Extensions.swift */ = {isa = PBXFileReference; lastKnownFileType = sourcecode.swift; path = Extensions.swift; sourceTree = "<group>"; };
		F33127EA293F6BBA00015D25 /* Model.swift */ = {isa = PBXFileReference; lastKnownFileType = sourcecode.swift; path = Model.swift; sourceTree = "<group>"; };
		F33127ED293F6E6F00015D25 /* ForcastView.swift */ = {isa = PBXFileReference; lastKnownFileType = sourcecode.swift; path = ForcastView.swift; sourceTree = "<group>"; };
		F33127EF293F743300015D25 /* TabBar.swift */ = {isa = PBXFileReference; lastKnownFileType = sourcecode.swift; path = TabBar.swift; sourceTree = "<group>"; };
		F33FEF82293CDB8F00312502 /* Weather Together.app */ = {isa = PBXFileReference; explicitFileType = wrapper.application; includeInIndex = 0; path = "Weather Together.app"; sourceTree = BUILT_PRODUCTS_DIR; };
		F33FEF85293CDB8F00312502 /* Weather_TogetherApp.swift */ = {isa = PBXFileReference; lastKnownFileType = sourcecode.swift; path = Weather_TogetherApp.swift; sourceTree = "<group>"; };
		F33FEF87293CDB8F00312502 /* WeatherView.swift */ = {isa = PBXFileReference; lastKnownFileType = sourcecode.swift; path = WeatherView.swift; sourceTree = "<group>"; };
		F33FEF89293CDB8F00312502 /* Assets.xcassets */ = {isa = PBXFileReference; lastKnownFileType = folder.assetcatalog; path = Assets.xcassets; sourceTree = "<group>"; };
		F33FEF8C293CDB8F00312502 /* Preview Assets.xcassets */ = {isa = PBXFileReference; lastKnownFileType = folder.assetcatalog; path = "Preview Assets.xcassets"; sourceTree = "<group>"; };
/* End PBXFileReference section */

/* Begin PBXFrameworksBuildPhase section */
		F33FEF7F293CDB8F00312502 /* Frameworks */ = {
			isa = PBXFrameworksBuildPhase;
			buildActionMask = 2147483647;
			files = (
				F33127E9293F69A200015D25 /* BottomSheet in Frameworks */,
			);
			runOnlyForDeploymentPostprocessing = 0;
		};
/* End PBXFrameworksBuildPhase section */

/* Begin PBXGroup section */
		F33127EC293F6BC000015D25 /* Weather */ = {
			isa = PBXGroup;
			children = (
				F33127E3293F5A2000015D25 /* MainView.swift */,
				F33127EF293F743300015D25 /* TabBar.swift */,
				F33FEF87293CDB8F00312502 /* WeatherView.swift */,
				F33127ED293F6E6F00015D25 /* ForcastView.swift */,
			);
			path = Weather;
			sourceTree = "<group>";
		};
		F33FEF79293CDB8F00312502 = {
			isa = PBXGroup;
			children = (
				F33FEF84293CDB8F00312502 /* Weather Together */,
				F33FEF83293CDB8F00312502 /* Products */,
			);
			sourceTree = "<group>";
		};
		F33FEF83293CDB8F00312502 /* Products */ = {
			isa = PBXGroup;
			children = (
				F33FEF82293CDB8F00312502 /* Weather Together.app */,
			);
			name = Products;
			sourceTree = "<group>";
		};
		F33FEF84293CDB8F00312502 /* Weather Together */ = {
			isa = PBXGroup;
			children = (
				F33FEF85293CDB8F00312502 /* Weather_TogetherApp.swift */,
				F33127EC293F6BC000015D25 /* Weather */,
				F33127EA293F6BBA00015D25 /* Model.swift */,
				F33127E5293F614E00015D25 /* Extensions.swift */,
				F33FEF89293CDB8F00312502 /* Assets.xcassets */,
				F33FEF8B293CDB8F00312502 /* Preview Content */,
			);
			path = "Weather Together";
			sourceTree = "<group>";
		};
		F33FEF8B293CDB8F00312502 /* Preview Content */ = {
			isa = PBXGroup;
			children = (
				F33FEF8C293CDB8F00312502 /* Preview Assets.xcassets */,
			);
			path = "Preview Content";
			sourceTree = "<group>";
		};
/* End PBXGroup section */

/* Begin PBXNativeTarget section */
		F33FEF81293CDB8F00312502 /* Weather Together */ = {
			isa = PBXNativeTarget;
			buildConfigurationList = F33FEF90293CDB8F00312502 /* Build configuration list for PBXNativeTarget "Weather Together" */;
			buildPhases = (
				F33FEF7E293CDB8F00312502 /* Sources */,
				F33FEF7F293CDB8F00312502 /* Frameworks */,
				F33FEF80293CDB8F00312502 /* Resources */,
			);
			buildRules = (
			);
			dependencies = (
			);
			name = "Weather Together";
			packageProductDependencies = (
				F33127E8293F69A200015D25 /* BottomSheet */,
			);
			productName = "Weather Together";
			productReference = F33FEF82293CDB8F00312502 /* Weather Together.app */;
			productType = "com.apple.product-type.application";
		};
/* End PBXNativeTarget section */

/* Begin PBXProject section */
		F33FEF7A293CDB8F00312502 /* Project object */ = {
			isa = PBXProject;
			attributes = {
				BuildIndependentTargetsInParallel = 1;
				LastSwiftUpdateCheck = 1410;
				LastUpgradeCheck = 1410;
				TargetAttributes = {
					F33FEF81293CDB8F00312502 = {
						CreatedOnToolsVersion = 14.1;
					};
				};
			};
			buildConfigurationList = F33FEF7D293CDB8F00312502 /* Build configuration list for PBXProject "Weather Together" */;
			compatibilityVersion = "Xcode 14.0";
			developmentRegion = en;
			hasScannedForEncodings = 0;
			knownRegions = (
				en,
				Base,
			);
			mainGroup = F33FEF79293CDB8F00312502;
			packageReferences = (
				F33127E7293F69A200015D25 /* XCRemoteSwiftPackageReference "BottomSheet" */,
			);
			productRefGroup = F33FEF83293CDB8F00312502 /* Products */;
			projectDirPath = "";
			projectRoot = "";
			targets = (
				F33FEF81293CDB8F00312502 /* Weather Together */,
			);
		};
/* End PBXProject section */

/* Begin PBXResourcesBuildPhase section */
		F33FEF80293CDB8F00312502 /* Resources */ = {
			isa = PBXResourcesBuildPhase;
			buildActionMask = 2147483647;
			files = (
				F33FEF8D293CDB8F00312502 /* Preview Assets.xcassets in Resources */,
				F33FEF8A293CDB8F00312502 /* Assets.xcassets in Resources */,
			);
			runOnlyForDeploymentPostprocessing = 0;
		};
/* End PBXResourcesBuildPhase section */

/* Begin PBXSourcesBuildPhase section */
		F33FEF7E293CDB8F00312502 /* Sources */ = {
			isa = PBXSourcesBuildPhase;
			buildActionMask = 2147483647;
			files = (
				F33127EB293F6BBA00015D25 /* Model.swift in Sources */,
				F33FEF88293CDB8F00312502 /* WeatherView.swift in Sources */,
				F33127E4293F5A2000015D25 /* MainView.swift in Sources */,
				F33FEF86293CDB8F00312502 /* Weather_TogetherApp.swift in Sources */,
				F33127E6293F614E00015D25 /* Extensions.swift in Sources */,
				F33127EE293F6E6F00015D25 /* ForcastView.swift in Sources */,
				F33127F0293F743300015D25 /* TabBar.swift in Sources */,
			);
			runOnlyForDeploymentPostprocessing = 0;
		};
/* End PBXSourcesBuildPhase section */

/* Begin XCBuildConfiguration section */
		F33FEF8E293CDB8F00312502 /* Debug */ = {
			isa = XCBuildConfiguration;
			buildSettings = {
				ALWAYS_SEARCH_USER_PATHS = NO;
				CLANG_ANALYZER_NONNULL = YES;
				CLANG_ANALYZER_NUMBER_OBJECT_CONVERSION = YES_AGGRESSIVE;
				CLANG_CXX_LANGUAGE_STANDARD = "gnu++20";
				CLANG_ENABLE_MODULES = YES;
				CLANG_ENABLE_OBJC_ARC = YES;
				CLANG_ENABLE_OBJC_WEAK = YES;
				CLANG_WARN_BLOCK_CAPTURE_AUTORELEASING = YES;
				CLANG_WARN_BOOL_CONVERSION = YES;
				CLANG_WARN_COMMA = YES;
				CLANG_WARN_CONSTANT_CONVERSION = YES;
				CLANG_WARN_DEPRECATED_OBJC_IMPLEMENTATIONS = YES;
				CLANG_WARN_DIRECT_OBJC_ISA_USAGE = YES_ERROR;
				CLANG_WARN_DOCUMENTATION_COMMENTS = YES;
				CLANG_WARN_EMPTY_BODY = YES;
				CLANG_WARN_ENUM_CONVERSION = YES;
				CLANG_WARN_INFINITE_RECURSION = YES;
				CLANG_WARN_INT_CONVERSION = YES;
				CLANG_WARN_NON_LITERAL_NULL_CONVERSION = YES;
				CLANG_WARN_OBJC_IMPLICIT_RETAIN_SELF = YES;
				CLANG_WARN_OBJC_LITERAL_CONVERSION = YES;
				CLANG_WARN_OBJC_ROOT_CLASS = YES_ERROR;
				CLANG_WARN_QUOTED_INCLUDE_IN_FRAMEWORK_HEADER = YES;
				CLANG_WARN_RANGE_LOOP_ANALYSIS = YES;
				CLANG_WARN_STRICT_PROTOTYPES = YES;
				CLANG_WARN_SUSPICIOUS_MOVE = YES;
				CLANG_WARN_UNGUARDED_AVAILABILITY = YES_AGGRESSIVE;
				CLANG_WARN_UNREACHABLE_CODE = YES;
				CLANG_WARN__DUPLICATE_METHOD_MATCH = YES;
				COPY_PHASE_STRIP = NO;
				DEBUG_INFORMATION_FORMAT = dwarf;
				ENABLE_STRICT_OBJC_MSGSEND = YES;
				ENABLE_TESTABILITY = YES;
				GCC_C_LANGUAGE_STANDARD = gnu11;
				GCC_DYNAMIC_NO_PIC = NO;
				GCC_NO_COMMON_BLOCKS = YES;
				GCC_OPTIMIZATION_LEVEL = 0;
				GCC_PREPROCESSOR_DEFINITIONS = (
					"DEBUG=1",
					"$(inherited)",
				);
				GCC_WARN_64_TO_32_BIT_CONVERSION = YES;
				GCC_WARN_ABOUT_RETURN_TYPE = YES_ERROR;
				GCC_WARN_UNDECLARED_SELECTOR = YES;
				GCC_WARN_UNINITIALIZED_AUTOS = YES_AGGRESSIVE;
				GCC_WARN_UNUSED_FUNCTION = YES;
				GCC_WARN_UNUSED_VARIABLE = YES;
				IPHONEOS_DEPLOYMENT_TARGET = 16.1;
				MTL_ENABLE_DEBUG_INFO = INCLUDE_SOURCE;
				MTL_FAST_MATH = YES;
				ONLY_ACTIVE_ARCH = YES;
				SDKROOT = iphoneos;
				SWIFT_ACTIVE_COMPILATION_CONDITIONS = DEBUG;
				SWIFT_OPTIMIZATION_LEVEL = "-Onone";
			};
			name = Debug;
		};
		F33FEF8F293CDB8F00312502 /* Release */ = {
			isa = XCBuildConfiguration;
			buildSettings = {
				ALWAYS_SEARCH_USER_PATHS = NO;
				CLANG_ANALYZER_NONNULL = YES;
				CLANG_ANALYZER_NUMBER_OBJECT_CONVERSION = YES_AGGRESSIVE;
				CLANG_CXX_LANGUAGE_STANDARD = "gnu++20";
				CLANG_ENABLE_MODULES = YES;
				CLANG_ENABLE_OBJC_ARC = YES;
				CLANG_ENABLE_OBJC_WEAK = YES;
				CLANG_WARN_BLOCK_CAPTURE_AUTORELEASING = YES;
				CLANG_WARN_BOOL_CONVERSION = YES;
				CLANG_WARN_COMMA = YES;
				CLANG_WARN_CONSTANT_CONVERSION = YES;
				CLANG_WARN_DEPRECATED_OBJC_IMPLEMENTATIONS = YES;
				CLANG_WARN_DIRECT_OBJC_ISA_USAGE = YES_ERROR;
				CLANG_WARN_DOCUMENTATION_COMMENTS = YES;
				CLANG_WARN_EMPTY_BODY = YES;
				CLANG_WARN_ENUM_CONVERSION = YES;
				CLANG_WARN_INFINITE_RECURSION = YES;
				CLANG_WARN_INT_CONVERSION = YES;
				CLANG_WARN_NON_LITERAL_NULL_CONVERSION = YES;
				CLANG_WARN_OBJC_IMPLICIT_RETAIN_SELF = YES;
				CLANG_WARN_OBJC_LITERAL_CONVERSION = YES;
				CLANG_WARN_OBJC_ROOT_CLASS = YES_ERROR;
				CLANG_WARN_QUOTED_INCLUDE_IN_FRAMEWORK_HEADER = YES;
				CLANG_WARN_RANGE_LOOP_ANALYSIS = YES;
				CLANG_WARN_STRICT_PROTOTYPES = YES;
				CLANG_WARN_SUSPICIOUS_MOVE = YES;
				CLANG_WARN_UNGUARDED_AVAILABILITY = YES_AGGRESSIVE;
				CLANG_WARN_UNREACHABLE_CODE = YES;
				CLANG_WARN__DUPLICATE_METHOD_MATCH = YES;
				COPY_PHASE_STRIP = NO;
				DEBUG_INFORMATION_FORMAT = "dwarf-with-dsym";
				ENABLE_NS_ASSERTIONS = NO;
				ENABLE_STRICT_OBJC_MSGSEND = YES;
				GCC_C_LANGUAGE_STANDARD = gnu11;
				GCC_NO_COMMON_BLOCKS = YES;
				GCC_WARN_64_TO_32_BIT_CONVERSION = YES;
				GCC_WARN_ABOUT_RETURN_TYPE = YES_ERROR;
				GCC_WARN_UNDECLARED_SELECTOR = YES;
				GCC_WARN_UNINITIALIZED_AUTOS = YES_AGGRESSIVE;
				GCC_WARN_UNUSED_FUNCTION = YES;
				GCC_WARN_UNUSED_VARIABLE = YES;
				IPHONEOS_DEPLOYMENT_TARGET = 16.1;
				MTL_ENABLE_DEBUG_INFO = NO;
				MTL_FAST_MATH = YES;
				SDKROOT = iphoneos;
				SWIFT_COMPILATION_MODE = wholemodule;
				SWIFT_OPTIMIZATION_LEVEL = "-O";
				VALIDATE_PRODUCT = YES;
			};
			name = Release;
		};
		F33FEF91293CDB8F00312502 /* Debug */ = {
			isa = XCBuildConfiguration;
			buildSettings = {
				ASSETCATALOG_COMPILER_APPICON_NAME = AppIcon;
				ASSETCATALOG_COMPILER_GLOBAL_ACCENT_COLOR_NAME = AccentColor;
				CODE_SIGN_STYLE = Automatic;
				CURRENT_PROJECT_VERSION = 1;
				DEVELOPMENT_ASSET_PATHS = "\"Weather Together/Preview Content\"";
				DEVELOPMENT_TEAM = 8FQUA2F388;
				ENABLE_PREVIEWS = YES;
				GENERATE_INFOPLIST_FILE = YES;
				INFOPLIST_KEY_CFBundleDisplayName = "Weather Together";
				INFOPLIST_KEY_LSApplicationCategoryType = "public.app-category.weather";
				INFOPLIST_KEY_UIApplicationSceneManifest_Generation = YES;
				INFOPLIST_KEY_UIApplicationSupportsIndirectInputEvents = YES;
				INFOPLIST_KEY_UILaunchScreen_Generation = YES;
				INFOPLIST_KEY_UISupportedInterfaceOrientations_iPad = "UIInterfaceOrientationPortrait UIInterfaceOrientationPortraitUpsideDown UIInterfaceOrientationLandscapeLeft UIInterfaceOrientationLandscapeRight";
				INFOPLIST_KEY_UISupportedInterfaceOrientations_iPhone = "UIInterfaceOrientationPortrait UIInterfaceOrientationLandscapeLeft UIInterfaceOrientationLandscapeRight";
				IPHONEOS_DEPLOYMENT_TARGET = 16.0;
				LD_RUNPATH_SEARCH_PATHS = (
					"$(inherited)",
					"@executable_path/Frameworks",
				);
				MARKETING_VERSION = 0.9;
				PRODUCT_BUNDLE_IDENTIFIER = "dev.topscrech.Weather-Together";
				PRODUCT_NAME = "$(TARGET_NAME)";
				SWIFT_EMIT_LOC_STRINGS = YES;
				SWIFT_VERSION = 5.0;
				TARGETED_DEVICE_FAMILY = "1,2";
			};
			name = Debug;
		};
		F33FEF92293CDB8F00312502 /* Release */ = {
			isa = XCBuildConfiguration;
			buildSettings = {
				ASSETCATALOG_COMPILER_APPICON_NAME = AppIcon;
				ASSETCATALOG_COMPILER_GLOBAL_ACCENT_COLOR_NAME = AccentColor;
				CODE_SIGN_STYLE = Automatic;
				CURRENT_PROJECT_VERSION = 1;
				DEVELOPMENT_ASSET_PATHS = "\"Weather Together/Preview Content\"";
				DEVELOPMENT_TEAM = 8FQUA2F388;
				ENABLE_PREVIEWS = YES;
				GENERATE_INFOPLIST_FILE = YES;
				INFOPLIST_KEY_CFBundleDisplayName = "Weather Together";
				INFOPLIST_KEY_LSApplicationCategoryType = "public.app-category.weather";
				INFOPLIST_KEY_UIApplicationSceneManifest_Generation = YES;
				INFOPLIST_KEY_UIApplicationSupportsIndirectInputEvents = YES;
				INFOPLIST_KEY_UILaunchScreen_Generation = YES;
				INFOPLIST_KEY_UISupportedInterfaceOrientations_iPad = "UIInterfaceOrientationPortrait UIInterfaceOrientationPortraitUpsideDown UIInterfaceOrientationLandscapeLeft UIInterfaceOrientationLandscapeRight";
				INFOPLIST_KEY_UISupportedInterfaceOrientations_iPhone = "UIInterfaceOrientationPortrait UIInterfaceOrientationLandscapeLeft UIInterfaceOrientationLandscapeRight";
				IPHONEOS_DEPLOYMENT_TARGET = 16.0;
				LD_RUNPATH_SEARCH_PATHS = (
					"$(inherited)",
					"@executable_path/Frameworks",
				);
				MARKETING_VERSION = 0.9;
				PRODUCT_BUNDLE_IDENTIFIER = "dev.topscrech.Weather-Together";
				PRODUCT_NAME = "$(TARGET_NAME)";
				SWIFT_EMIT_LOC_STRINGS = YES;
				SWIFT_VERSION = 5.0;
				TARGETED_DEVICE_FAMILY = "1,2";
			};
			name = Release;
		};
/* End XCBuildConfiguration section */

/* Begin XCConfigurationList section */
		F33FEF7D293CDB8F00312502 /* Build configuration list for PBXProject "Weather Together" */ = {
			isa = XCConfigurationList;
			buildConfigurations = (
				F33FEF8E293CDB8F00312502 /* Debug */,
				F33FEF8F293CDB8F00312502 /* Release */,
			);
			defaultConfigurationIsVisible = 0;
			defaultConfigurationName = Release;
		};
		F33FEF90293CDB8F00312502 /* Build configuration list for PBXNativeTarget "Weather Together" */ = {
			isa = XCConfigurationList;
			buildConfigurations = (
				F33FEF91293CDB8F00312502 /* Debug */,
				F33FEF92293CDB8F00312502 /* Release */,
			);
			defaultConfigurationIsVisible = 0;
			defaultConfigurationName = Release;
		};
/* End XCConfigurationList section */

/* Begin XCRemoteSwiftPackageReference section */
		F33127E7293F69A200015D25 /* XCRemoteSwiftPackageReference "BottomSheet" */ = {
			isa = XCRemoteSwiftPackageReference;
			repositoryURL = "https://github.com/Wouter125/BottomSheet";
			requirement = {
				branch = main;
				kind = branch;
			};
		};
/* End XCRemoteSwiftPackageReference section */

/* Begin XCSwiftPackageProductDependency section */
		F33127E8293F69A200015D25 /* BottomSheet */ = {
			isa = XCSwiftPackageProductDependency;
			package = F33127E7293F69A200015D25 /* XCRemoteSwiftPackageReference "BottomSheet" */;
			productName = BottomSheet;
		};
/* End XCSwiftPackageProductDependency section */
	};
	rootObject = F33FEF7A293CDB8F00312502 /* Project object */;
}
